
Microsoft Visual Studio Solution File, Format Version 12.00
# Visual Studio 14
VisualStudioVersion = 14.0.25420.1
MinimumVisualStudioVersion = 10.0.40219.1
Project("{FAE04EC0-301F-11D3-BF4B-00C04F79EFBC}") = "TataApp.Android", "TataApp\TataApp.Android\TataApp.Android.csproj", "{C9346D12-B3FE-4360-8061-21D2D9C0665C}"
EndProject
Project("{FAE04EC0-301F-11D3-BF4B-00C04F79EFBC}") = "TataApp", "TataApp\TataApp\TataApp.csproj", "{57039CD4-A04A-4D34-80DB-FB71A5005A85}"
EndProject
Project("{FAE04EC0-301F-11D3-BF4B-00C04F79EFBC}") = "TataApp.iOS", "TataApp\TataApp.iOS\TataApp.iOS.csproj", "{3C0C64D6-AFC8-4927-A582-FFF66CC5905D}"
EndProject
Project("{FAE04EC0-301F-11D3-BF4B-00C04F79EFBC}") = "TataApp.Backend", "TataApp.Backend\TataApp.Backend.csproj", "{AA65B9FB-BA49-4CF7-9F5D-3DBAA4E89508}"
EndProject
Project("{FAE04EC0-301F-11D3-BF4B-00C04F79EFBC}") = "TataApp.API", "TataApp.API\TataApp.API.csproj", "{D0C856CB-89BD-45FF-9A1E-4615E0272DF4}"
EndProject
Project("{FAE04EC0-301F-11D3-BF4B-00C04F79EFBC}") = "TataApp.Domain", "TataApp.Domain\TataApp.Domain.csproj", "{9C1898C4-D91C-4FE1-BD1B-E96F0ADCA4E9}"
EndProject
Global
	GlobalSection(SolutionConfigurationPlatforms) = preSolution
		Ad-Hoc|Any CPU = Ad-Hoc|Any CPU
		Ad-Hoc|ARM = Ad-Hoc|ARM
		Ad-Hoc|iPhone = Ad-Hoc|iPhone
		Ad-Hoc|iPhoneSimulator = Ad-Hoc|iPhoneSimulator
		Ad-Hoc|x64 = Ad-Hoc|x64
		Ad-Hoc|x86 = Ad-Hoc|x86
		AppStore|Any CPU = AppStore|Any CPU
		AppStore|ARM = AppStore|ARM
		AppStore|iPhone = AppStore|iPhone
		AppStore|iPhoneSimulator = AppStore|iPhoneSimulator
		AppStore|x64 = AppStore|x64
		AppStore|x86 = AppStore|x86
		Debug|Any CPU = Debug|Any CPU
		Debug|ARM = Debug|ARM
		Debug|iPhone = Debug|iPhone
		Debug|iPhoneSimulator = Debug|iPhoneSimulator
		Debug|x64 = Debug|x64
		Debug|x86 = Debug|x86
		Release|Any CPU = Release|Any CPU
		Release|ARM = Release|ARM
		Release|iPhone = Release|iPhone
		Release|iPhoneSimulator = Release|iPhoneSimulator
		Release|x64 = Release|x64
		Release|x86 = Release|x86
	EndGlobalSection
	GlobalSection(ProjectConfigurationPlatforms) = postSolution
		{C9346D12-B3FE-4360-8061-21D2D9C0665C}.Ad-Hoc|Any CPU.ActiveCfg = Release|Any CPU
		{C9346D12-B3FE-4360-8061-21D2D9C0665C}.Ad-Hoc|Any CPU.Build.0 = Release|Any CPU
		{C9346D12-B3FE-4360-8061-21D2D9C0665C}.Ad-Hoc|Any CPU.Deploy.0 = Release|Any CPU
		{C9346D12-B3FE-4360-8061-21D2D9C0665C}.Ad-Hoc|ARM.ActiveCfg = Release|Any CPU
		{C9346D12-B3FE-4360-8061-21D2D9C0665C}.Ad-Hoc|ARM.Build.0 = Release|Any CPU
		{C9346D12-B3FE-4360-8061-21D2D9C0665C}.Ad-Hoc|ARM.Deploy.0 = Release|Any CPU
		{C9346D12-B3FE-4360-8061-21D2D9C0665C}.Ad-Hoc|iPhone.ActiveCfg = Release|Any CPU
		{C9346D12-B3FE-4360-8061-21D2D9C0665C}.Ad-Hoc|iPhone.Build.0 = Release|Any CPU
		{C9346D12-B3FE-4360-8061-21D2D9C0665C}.Ad-Hoc|iPhone.Deploy.0 = Release|Any CPU
		{C9346D12-B3FE-4360-8061-21D2D9C0665C}.Ad-Hoc|iPhoneSimulator.ActiveCfg = Release|Any CPU
		{C9346D12-B3FE-4360-8061-21D2D9C0665C}.Ad-Hoc|iPhoneSimulator.Build.0 = Release|Any CPU
		{C9346D12-B3FE-4360-8061-21D2D9C0665C}.Ad-Hoc|iPhoneSimulator.Deploy.0 = Release|Any CPU
		{C9346D12-B3FE-4360-8061-21D2D9C0665C}.Ad-Hoc|x64.ActiveCfg = Release|Any CPU
		{C9346D12-B3FE-4360-8061-21D2D9C0665C}.Ad-Hoc|x64.Build.0 = Release|Any CPU
		{C9346D12-B3FE-4360-8061-21D2D9C0665C}.Ad-Hoc|x64.Deploy.0 = Release|Any CPU
		{C9346D12-B3FE-4360-8061-21D2D9C0665C}.Ad-Hoc|x86.ActiveCfg = Release|Any CPU
		{C9346D12-B3FE-4360-8061-21D2D9C0665C}.Ad-Hoc|x86.Build.0 = Release|Any CPU
		{C9346D12-B3FE-4360-8061-21D2D9C0665C}.Ad-Hoc|x86.Deploy.0 = Release|Any CPU
		{C9346D12-B3FE-4360-8061-21D2D9C0665C}.AppStore|Any CPU.ActiveCfg = Release|Any CPU
		{C9346D12-B3FE-4360-8061-21D2D9C0665C}.AppStore|Any CPU.Build.0 = Release|Any CPU
		{C9346D12-B3FE-4360-8061-21D2D9C0665C}.AppStore|Any CPU.Deploy.0 = Release|Any CPU
		{C9346D12-B3FE-4360-8061-21D2D9C0665C}.AppStore|ARM.ActiveCfg = Release|Any CPU
		{C9346D12-B3FE-4360-8061-21D2D9C0665C}.AppStore|ARM.Build.0 = Release|Any CPU
		{C9346D12-B3FE-4360-8061-21D2D9C0665C}.AppStore|ARM.Deploy.0 = Release|Any CPU
		{C9346D12-B3FE-4360-8061-21D2D9C0665C}.AppStore|iPhone.ActiveCfg = Release|Any CPU
		{C9346D12-B3FE-4360-8061-21D2D9C0665C}.AppStore|iPhone.Build.0 = Release|Any CPU
		{C9346D12-B3FE-4360-8061-21D2D9C0665C}.AppStore|iPhone.Deploy.0 = Release|Any CPU
		{C9346D12-B3FE-4360-8061-21D2D9C0665C}.AppStore|iPhoneSimulator.ActiveCfg = Release|Any CPU
		{C9346D12-B3FE-4360-8061-21D2D9C0665C}.AppStore|iPhoneSimulator.Build.0 = Release|Any CPU
		{C9346D12-B3FE-4360-8061-21D2D9C0665C}.AppStore|iPhoneSimulator.Deploy.0 = Release|Any CPU
		{C9346D12-B3FE-4360-8061-21D2D9C0665C}.AppStore|x64.ActiveCfg = Release|Any CPU
		{C9346D12-B3FE-4360-8061-21D2D9C0665C}.AppStore|x64.Build.0 = Release|Any CPU
		{C9346D12-B3FE-4360-8061-21D2D9C0665C}.AppStore|x64.Deploy.0 = Release|Any CPU
		{C9346D12-B3FE-4360-8061-21D2D9C0665C}.AppStore|x86.ActiveCfg = Release|Any CPU
		{C9346D12-B3FE-4360-8061-21D2D9C0665C}.AppStore|x86.Build.0 = Release|Any CPU
		{C9346D12-B3FE-4360-8061-21D2D9C0665C}.AppStore|x86.Deploy.0 = Release|Any CPU
		{C9346D12-B3FE-4360-8061-21D2D9C0665C}.Debug|Any CPU.ActiveCfg = Debug|Any CPU
		{C9346D12-B3FE-4360-8061-21D2D9C0665C}.Debug|Any CPU.Build.0 = Debug|Any CPU
		{C9346D12-B3FE-4360-8061-21D2D9C0665C}.Debug|Any CPU.Deploy.0 = Debug|Any CPU
		{C9346D12-B3FE-4360-8061-21D2D9C0665C}.Debug|ARM.ActiveCfg = Debug|Any CPU
		{C9346D12-B3FE-4360-8061-21D2D9C0665C}.Debug|ARM.Build.0 = Debug|Any CPU
		{C9346D12-B3FE-4360-8061-21D2D9C0665C}.Debug|ARM.Deploy.0 = Debug|Any CPU
		{C9346D12-B3FE-4360-8061-21D2D9C0665C}.Debug|iPhone.ActiveCfg = Debug|Any CPU
		{C9346D12-B3FE-4360-8061-21D2D9C0665C}.Debug|iPhone.Build.0 = Debug|Any CPU
		{C9346D12-B3FE-4360-8061-21D2D9C0665C}.Debug|iPhone.Deploy.0 = Debug|Any CPU
		{C9346D12-B3FE-4360-8061-21D2D9C0665C}.Debug|iPhoneSimulator.ActiveCfg = Debug|Any CPU
		{C9346D12-B3FE-4360-8061-21D2D9C0665C}.Debug|iPhoneSimulator.Build.0 = Debug|Any CPU
		{C9346D12-B3FE-4360-8061-21D2D9C0665C}.Debug|iPhoneSimulator.Deploy.0 = Debug|Any CPU
		{C9346D12-B3FE-4360-8061-21D2D9C0665C}.Debug|x64.ActiveCfg = Debug|Any CPU
		{C9346D12-B3FE-4360-8061-21D2D9C0665C}.Debug|x64.Build.0 = Debug|Any CPU
		{C9346D12-B3FE-4360-8061-21D2D9C0665C}.Debug|x64.Deploy.0 = Debug|Any CPU
		{C9346D12-B3FE-4360-8061-21D2D9C0665C}.Debug|x86.ActiveCfg = Debug|Any CPU
		{C9346D12-B3FE-4360-8061-21D2D9C0665C}.Debug|x86.Build.0 = Debug|Any CPU
		{C9346D12-B3FE-4360-8061-21D2D9C0665C}.Debug|x86.Deploy.0 = Debug|Any CPU
		{C9346D12-B3FE-4360-8061-21D2D9C0665C}.Release|Any CPU.ActiveCfg = Release|Any CPU
		{C9346D12-B3FE-4360-8061-21D2D9C0665C}.Release|Any CPU.Build.0 = Release|Any CPU
		{C9346D12-B3FE-4360-8061-21D2D9C0665C}.Release|Any CPU.Deploy.0 = Release|Any CPU
		{C9346D12-B3FE-4360-8061-21D2D9C0665C}.Release|ARM.ActiveCfg = Release|Any CPU
		{C9346D12-B3FE-4360-8061-21D2D9C0665C}.Release|ARM.Build.0 = Release|Any CPU
		{C9346D12-B3FE-4360-8061-21D2D9C0665C}.Release|ARM.Deploy.0 = Release|Any CPU
		{C9346D12-B3FE-4360-8061-21D2D9C0665C}.Release|iPhone.ActiveCfg = Release|Any CPU
		{C9346D12-B3FE-4360-8061-21D2D9C0665C}.Release|iPhone.Build.0 = Release|Any CPU
		{C9346D12-B3FE-4360-8061-21D2D9C0665C}.Release|iPhone.Deploy.0 = Release|Any CPU
		{C9346D12-B3FE-4360-8061-21D2D9C0665C}.Release|iPhoneSimulator.ActiveCfg = Release|Any CPU
		{C9346D12-B3FE-4360-8061-21D2D9C0665C}.Release|iPhoneSimulator.Build.0 = Release|Any CPU
		{C9346D12-B3FE-4360-8061-21D2D9C0665C}.Release|iPhoneSimulator.Deploy.0 = Release|Any CPU
		{C9346D12-B3FE-4360-8061-21D2D9C0665C}.Release|x64.ActiveCfg = Release|Any CPU
		{C9346D12-B3FE-4360-8061-21D2D9C0665C}.Release|x64.Build.0 = Release|Any CPU
		{C9346D12-B3FE-4360-8061-21D2D9C0665C}.Release|x64.Deploy.0 = Release|Any CPU
		{C9346D12-B3FE-4360-8061-21D2D9C0665C}.Release|x86.ActiveCfg = Release|Any CPU
		{C9346D12-B3FE-4360-8061-21D2D9C0665C}.Release|x86.Build.0 = Release|Any CPU
		{C9346D12-B3FE-4360-8061-21D2D9C0665C}.Release|x86.Deploy.0 = Release|Any CPU
		{57039CD4-A04A-4D34-80DB-FB71A5005A85}.Ad-Hoc|Any CPU.ActiveCfg = Release|Any CPU
		{57039CD4-A04A-4D34-80DB-FB71A5005A85}.Ad-Hoc|Any CPU.Build.0 = Release|Any CPU
		{57039CD4-A04A-4D34-80DB-FB71A5005A85}.Ad-Hoc|ARM.ActiveCfg = Release|Any CPU
		{57039CD4-A04A-4D34-80DB-FB71A5005A85}.Ad-Hoc|ARM.Build.0 = Release|Any CPU
		{57039CD4-A04A-4D34-80DB-FB71A5005A85}.Ad-Hoc|iPhone.ActiveCfg = Release|Any CPU
		{57039CD4-A04A-4D34-80DB-FB71A5005A85}.Ad-Hoc|iPhone.Build.0 = Release|Any CPU
		{57039CD4-A04A-4D34-80DB-FB71A5005A85}.Ad-Hoc|iPhoneSimulator.ActiveCfg = Release|Any CPU
		{57039CD4-A04A-4D34-80DB-FB71A5005A85}.Ad-Hoc|iPhoneSimulator.Build.0 = Release|Any CPU
		{57039CD4-A04A-4D34-80DB-FB71A5005A85}.Ad-Hoc|x64.ActiveCfg = Release|Any CPU
		{57039CD4-A04A-4D34-80DB-FB71A5005A85}.Ad-Hoc|x64.Build.0 = Release|Any CPU
		{57039CD4-A04A-4D34-80DB-FB71A5005A85}.Ad-Hoc|x86.ActiveCfg = Release|Any CPU
		{57039CD4-A04A-4D34-80DB-FB71A5005A85}.Ad-Hoc|x86.Build.0 = Release|Any CPU
		{57039CD4-A04A-4D34-80DB-FB71A5005A85}.AppStore|Any CPU.ActiveCfg = Release|Any CPU
		{57039CD4-A04A-4D34-80DB-FB71A5005A85}.AppStore|Any CPU.Build.0 = Release|Any CPU
		{57039CD4-A04A-4D34-80DB-FB71A5005A85}.AppStore|ARM.ActiveCfg = Release|Any CPU
		{57039CD4-A04A-4D34-80DB-FB71A5005A85}.AppStore|ARM.Build.0 = Release|Any CPU
		{57039CD4-A04A-4D34-80DB-FB71A5005A85}.AppStore|iPhone.ActiveCfg = Release|Any CPU
		{57039CD4-A04A-4D34-80DB-FB71A5005A85}.AppStore|iPhone.Build.0 = Release|Any CPU
		{57039CD4-A04A-4D34-80DB-FB71A5005A85}.AppStore|iPhoneSimulator.ActiveCfg = Release|Any CPU
		{57039CD4-A04A-4D34-80DB-FB71A5005A85}.AppStore|iPhoneSimulator.Build.0 = Release|Any CPU
		{57039CD4-A04A-4D34-80DB-FB71A5005A85}.AppStore|x64.ActiveCfg = Release|Any CPU
		{57039CD4-A04A-4D34-80DB-FB71A5005A85}.AppStore|x64.Build.0 = Release|Any CPU
		{57039CD4-A04A-4D34-80DB-FB71A5005A85}.AppStore|x86.ActiveCfg = Release|Any CPU
		{57039CD4-A04A-4D34-80DB-FB71A5005A85}.AppStore|x86.Build.0 = Release|Any CPU
		{57039CD4-A04A-4D34-80DB-FB71A5005A85}.Debug|Any CPU.ActiveCfg = Debug|Any CPU
		{57039CD4-A04A-4D34-80DB-FB71A5005A85}.Debug|Any CPU.Build.0 = Debug|Any CPU
		{57039CD4-A04A-4D34-80DB-FB71A5005A85}.Debug|ARM.ActiveCfg = Debug|Any CPU
		{57039CD4-A04A-4D34-80DB-FB71A5005A85}.Debug|ARM.Build.0 = Debug|Any CPU
		{57039CD4-A04A-4D34-80DB-FB71A5005A85}.Debug|iPhone.ActiveCfg = Debug|Any CPU
		{57039CD4-A04A-4D34-80DB-FB71A5005A85}.Debug|iPhone.Build.0 = Debug|Any CPU
		{57039CD4-A04A-4D34-80DB-FB71A5005A85}.Debug|iPhoneSimulator.ActiveCfg = Debug|Any CPU
		{57039CD4-A04A-4D34-80DB-FB71A5005A85}.Debug|iPhoneSimulator.Build.0 = Debug|Any CPU
		{57039CD4-A04A-4D34-80DB-FB71A5005A85}.Debug|x64.ActiveCfg = Debug|Any CPU
		{57039CD4-A04A-4D34-80DB-FB71A5005A85}.Debug|x64.Build.0 = Debug|Any CPU
		{57039CD4-A04A-4D34-80DB-FB71A5005A85}.Debug|x86.ActiveCfg = Debug|Any CPU
		{57039CD4-A04A-4D34-80DB-FB71A5005A85}.Debug|x86.Build.0 = Debug|Any CPU
		{57039CD4-A04A-4D34-80DB-FB71A5005A85}.Release|Any CPU.ActiveCfg = Release|Any CPU
		{57039CD4-A04A-4D34-80DB-FB71A5005A85}.Release|Any CPU.Build.0 = Release|Any CPU
		{57039CD4-A04A-4D34-80DB-FB71A5005A85}.Release|ARM.ActiveCfg = Release|Any CPU
		{57039CD4-A04A-4D34-80DB-FB71A5005A85}.Release|ARM.Build.0 = Release|Any CPU
		{57039CD4-A04A-4D34-80DB-FB71A5005A85}.Release|iPhone.ActiveCfg = Release|Any CPU
		{57039CD4-A04A-4D34-80DB-FB71A5005A85}.Release|iPhone.Build.0 = Release|Any CPU
		{57039CD4-A04A-4D34-80DB-FB71A5005A85}.Release|iPhoneSimulator.ActiveCfg = Release|Any CPU
		{57039CD4-A04A-4D34-80DB-FB71A5005A85}.Release|iPhoneSimulator.Build.0 = Release|Any CPU
		{57039CD4-A04A-4D34-80DB-FB71A5005A85}.Release|x64.ActiveCfg = Release|Any CPU
		{57039CD4-A04A-4D34-80DB-FB71A5005A85}.Release|x64.Build.0 = Release|Any CPU
		{57039CD4-A04A-4D34-80DB-FB71A5005A85}.Release|x86.ActiveCfg = Release|Any CPU
		{57039CD4-A04A-4D34-80DB-FB71A5005A85}.Release|x86.Build.0 = Release|Any CPU
		{3C0C64D6-AFC8-4927-A582-FFF66CC5905D}.Ad-Hoc|Any CPU.ActiveCfg = Ad-Hoc|iPhone
		{3C0C64D6-AFC8-4927-A582-FFF66CC5905D}.Ad-Hoc|ARM.ActiveCfg = Ad-Hoc|iPhone
		{3C0C64D6-AFC8-4927-A582-FFF66CC5905D}.Ad-Hoc|iPhone.ActiveCfg = Ad-Hoc|iPhone
		{3C0C64D6-AFC8-4927-A582-FFF66CC5905D}.Ad-Hoc|iPhone.Build.0 = Ad-Hoc|iPhone
		{3C0C64D6-AFC8-4927-A582-FFF66CC5905D}.Ad-Hoc|iPhoneSimulator.ActiveCfg = Ad-Hoc|iPhoneSimulator
		{3C0C64D6-AFC8-4927-A582-FFF66CC5905D}.Ad-Hoc|iPhoneSimulator.Build.0 = Ad-Hoc|iPhoneSimulator
		{3C0C64D6-AFC8-4927-A582-FFF66CC5905D}.Ad-Hoc|x64.ActiveCfg = Ad-Hoc|iPhone
		{3C0C64D6-AFC8-4927-A582-FFF66CC5905D}.Ad-Hoc|x86.ActiveCfg = Ad-Hoc|iPhone
		{3C0C64D6-AFC8-4927-A582-FFF66CC5905D}.AppStore|Any CPU.ActiveCfg = AppStore|iPhone
		{3C0C64D6-AFC8-4927-A582-FFF66CC5905D}.AppStore|ARM.ActiveCfg = AppStore|iPhone
		{3C0C64D6-AFC8-4927-A582-FFF66CC5905D}.AppStore|iPhone.ActiveCfg = AppStore|iPhone
		{3C0C64D6-AFC8-4927-A582-FFF66CC5905D}.AppStore|iPhone.Build.0 = AppStore|iPhone
		{3C0C64D6-AFC8-4927-A582-FFF66CC5905D}.AppStore|iPhoneSimulator.ActiveCfg = AppStore|iPhoneSimulator
		{3C0C64D6-AFC8-4927-A582-FFF66CC5905D}.AppStore|iPhoneSimulator.Build.0 = AppStore|iPhoneSimulator
		{3C0C64D6-AFC8-4927-A582-FFF66CC5905D}.AppStore|x64.ActiveCfg = AppStore|iPhone
		{3C0C64D6-AFC8-4927-A582-FFF66CC5905D}.AppStore|x86.ActiveCfg = AppStore|iPhone
		{3C0C64D6-AFC8-4927-A582-FFF66CC5905D}.Debug|Any CPU.ActiveCfg = Debug|iPhone
		{3C0C64D6-AFC8-4927-A582-FFF66CC5905D}.Debug|ARM.ActiveCfg = Debug|iPhone
		{3C0C64D6-AFC8-4927-A582-FFF66CC5905D}.Debug|iPhone.ActiveCfg = Debug|iPhone
		{3C0C64D6-AFC8-4927-A582-FFF66CC5905D}.Debug|iPhone.Build.0 = Debug|iPhone
		{3C0C64D6-AFC8-4927-A582-FFF66CC5905D}.Debug|iPhoneSimulator.ActiveCfg = Debug|iPhoneSimulator
		{3C0C64D6-AFC8-4927-A582-FFF66CC5905D}.Debug|iPhoneSimulator.Build.0 = Debug|iPhoneSimulator
		{3C0C64D6-AFC8-4927-A582-FFF66CC5905D}.Debug|x64.ActiveCfg = Debug|iPhone
		{3C0C64D6-AFC8-4927-A582-FFF66CC5905D}.Debug|x86.ActiveCfg = Debug|iPhone
		{3C0C64D6-AFC8-4927-A582-FFF66CC5905D}.Release|Any CPU.ActiveCfg = Release|iPhone
		{3C0C64D6-AFC8-4927-A582-FFF66CC5905D}.Release|ARM.ActiveCfg = Release|iPhone
		{3C0C64D6-AFC8-4927-A582-FFF66CC5905D}.Release|iPhone.ActiveCfg = Release|iPhone
		{3C0C64D6-AFC8-4927-A582-FFF66CC5905D}.Release|iPhone.Build.0 = Release|iPhone
		{3C0C64D6-AFC8-4927-A582-FFF66CC5905D}.Release|iPhoneSimulator.ActiveCfg = Release|iPhoneSimulator
		{3C0C64D6-AFC8-4927-A582-FFF66CC5905D}.Release|iPhoneSimulator.Build.0 = Release|iPhoneSimulator
		{3C0C64D6-AFC8-4927-A582-FFF66CC5905D}.Release|x64.ActiveCfg = Release|iPhone
		{3C0C64D6-AFC8-4927-A582-FFF66CC5905D}.Release|x86.ActiveCfg = Release|iPhone
		{AA65B9FB-BA49-4CF7-9F5D-3DBAA4E89508}.Ad-Hoc|Any CPU.ActiveCfg = Release|Any CPU
		{AA65B9FB-BA49-4CF7-9F5D-3DBAA4E89508}.Ad-Hoc|Any CPU.Build.0 = Release|Any CPU
		{AA65B9FB-BA49-4CF7-9F5D-3DBAA4E89508}.Ad-Hoc|ARM.ActiveCfg = Release|Any CPU
		{AA65B9FB-BA49-4CF7-9F5D-3DBAA4E89508}.Ad-Hoc|ARM.Build.0 = Release|Any CPU
		{AA65B9FB-BA49-4CF7-9F5D-3DBAA4E89508}.Ad-Hoc|iPhone.ActiveCfg = Release|Any CPU
		{AA65B9FB-BA49-4CF7-9F5D-3DBAA4E89508}.Ad-Hoc|iPhone.Build.0 = Release|Any CPU
		{AA65B9FB-BA49-4CF7-9F5D-3DBAA4E89508}.Ad-Hoc|iPhoneSimulator.ActiveCfg = Release|Any CPU
		{AA65B9FB-BA49-4CF7-9F5D-3DBAA4E89508}.Ad-Hoc|iPhoneSimulator.Build.0 = Release|Any CPU
		{AA65B9FB-BA49-4CF7-9F5D-3DBAA4E89508}.Ad-Hoc|x64.ActiveCfg = Release|Any CPU
		{AA65B9FB-BA49-4CF7-9F5D-3DBAA4E89508}.Ad-Hoc|x64.Build.0 = Release|Any CPU
		{AA65B9FB-BA49-4CF7-9F5D-3DBAA4E89508}.Ad-Hoc|x86.ActiveCfg = Release|Any CPU
		{AA65B9FB-BA49-4CF7-9F5D-3DBAA4E89508}.Ad-Hoc|x86.Build.0 = Release|Any CPU
		{AA65B9FB-BA49-4CF7-9F5D-3DBAA4E89508}.AppStore|Any CPU.ActiveCfg = Release|Any CPU
		{AA65B9FB-BA49-4CF7-9F5D-3DBAA4E89508}.AppStore|Any CPU.Build.0 = Release|Any CPU
		{AA65B9FB-BA49-4CF7-9F5D-3DBAA4E89508}.AppStore|ARM.ActiveCfg = Release|Any CPU
		{AA65B9FB-BA49-4CF7-9F5D-3DBAA4E89508}.AppStore|ARM.Build.0 = Release|Any CPU
		{AA65B9FB-BA49-4CF7-9F5D-3DBAA4E89508}.AppStore|iPhone.ActiveCfg = Release|Any CPU
		{AA65B9FB-BA49-4CF7-9F5D-3DBAA4E89508}.AppStore|iPhone.Build.0 = Release|Any CPU
		{AA65B9FB-BA49-4CF7-9F5D-3DBAA4E89508}.AppStore|iPhoneSimulator.ActiveCfg = Release|Any CPU
		{AA65B9FB-BA49-4CF7-9F5D-3DBAA4E89508}.AppStore|iPhoneSimulator.Build.0 = Release|Any CPU
		{AA65B9FB-BA49-4CF7-9F5D-3DBAA4E89508}.AppStore|x64.ActiveCfg = Release|Any CPU
		{AA65B9FB-BA49-4CF7-9F5D-3DBAA4E89508}.AppStore|x64.Build.0 = Release|Any CPU
		{AA65B9FB-BA49-4CF7-9F5D-3DBAA4E89508}.AppStore|x86.ActiveCfg = Release|Any CPU
		{AA65B9FB-BA49-4CF7-9F5D-3DBAA4E89508}.AppStore|x86.Build.0 = Release|Any CPU
		{AA65B9FB-BA49-4CF7-9F5D-3DBAA4E89508}.Debug|Any CPU.ActiveCfg = Debug|Any CPU
		{AA65B9FB-BA49-4CF7-9F5D-3DBAA4E89508}.Debug|Any CPU.Build.0 = Debug|Any CPU
		{AA65B9FB-BA49-4CF7-9F5D-3DBAA4E89508}.Debug|ARM.ActiveCfg = Debug|Any CPU
		{AA65B9FB-BA49-4CF7-9F5D-3DBAA4E89508}.Debug|ARM.Build.0 = Debug|Any CPU
		{AA65B9FB-BA49-4CF7-9F5D-3DBAA4E89508}.Debug|iPhone.ActiveCfg = Debug|Any CPU
		{AA65B9FB-BA49-4CF7-9F5D-3DBAA4E89508}.Debug|iPhone.Build.0 = Debug|Any CPU
		{AA65B9FB-BA49-4CF7-9F5D-3DBAA4E89508}.Debug|iPhoneSimulator.ActiveCfg = Debug|Any CPU
		{AA65B9FB-BA49-4CF7-9F5D-3DBAA4E89508}.Debug|iPhoneSimulator.Build.0 = Debug|Any CPU
		{AA65B9FB-BA49-4CF7-9F5D-3DBAA4E89508}.Debug|x64.ActiveCfg = Debug|Any CPU
		{AA65B9FB-BA49-4CF7-9F5D-3DBAA4E89508}.Debug|x64.Build.0 = Debug|Any CPU
		{AA65B9FB-BA49-4CF7-9F5D-3DBAA4E89508}.Debug|x86.ActiveCfg = Debug|Any CPU
		{AA65B9FB-BA49-4CF7-9F5D-3DBAA4E89508}.Debug|x86.Build.0 = Debug|Any CPU
		{AA65B9FB-BA49-4CF7-9F5D-3DBAA4E89508}.Release|Any CPU.ActiveCfg = Release|Any CPU
		{AA65B9FB-BA49-4CF7-9F5D-3DBAA4E89508}.Release|Any CPU.Build.0 = Release|Any CPU
		{AA65B9FB-BA49-4CF7-9F5D-3DBAA4E89508}.Release|ARM.ActiveCfg = Release|Any CPU
		{AA65B9FB-BA49-4CF7-9F5D-3DBAA4E89508}.Release|ARM.Build.0 = Release|Any CPU
		{AA65B9FB-BA49-4CF7-9F5D-3DBAA4E89508}.Release|iPhone.ActiveCfg = Release|Any CPU
		{AA65B9FB-BA49-4CF7-9F5D-3DBAA4E89508}.Release|iPhone.Build.0 = Release|Any CPU
		{AA65B9FB-BA49-4CF7-9F5D-3DBAA4E89508}.Release|iPhoneSimulator.ActiveCfg = Release|Any CPU
		{AA65B9FB-BA49-4CF7-9F5D-3DBAA4E89508}.Release|iPhoneSimulator.Build.0 = Release|Any CPU
		{AA65B9FB-BA49-4CF7-9F5D-3DBAA4E89508}.Release|x64.ActiveCfg = Release|Any CPU
		{AA65B9FB-BA49-4CF7-9F5D-3DBAA4E89508}.Release|x64.Build.0 = Release|Any CPU
		{AA65B9FB-BA49-4CF7-9F5D-3DBAA4E89508}.Release|x86.ActiveCfg = Release|Any CPU
		{AA65B9FB-BA49-4CF7-9F5D-3DBAA4E89508}.Release|x86.Build.0 = Release|Any CPU
		{D0C856CB-89BD-45FF-9A1E-4615E0272DF4}.Ad-Hoc|Any CPU.ActiveCfg = Release|Any CPU
		{D0C856CB-89BD-45FF-9A1E-4615E0272DF4}.Ad-Hoc|Any CPU.Build.0 = Release|Any CPU
		{D0C856CB-89BD-45FF-9A1E-4615E0272DF4}.Ad-Hoc|ARM.ActiveCfg = Release|Any CPU
		{D0C856CB-89BD-45FF-9A1E-4615E0272DF4}.Ad-Hoc|ARM.Build.0 = Release|Any CPU
		{D0C856CB-89BD-45FF-9A1E-4615E0272DF4}.Ad-Hoc|iPhone.ActiveCfg = Release|Any CPU
		{D0C856CB-89BD-45FF-9A1E-4615E0272DF4}.Ad-Hoc|iPhone.Build.0 = Release|Any CPU
		{D0C856CB-89BD-45FF-9A1E-4615E0272DF4}.Ad-Hoc|iPhoneSimulator.ActiveCfg = Release|Any CPU
		{D0C856CB-89BD-45FF-9A1E-4615E0272DF4}.Ad-Hoc|iPhoneSimulator.Build.0 = Release|Any CPU
		{D0C856CB-89BD-45FF-9A1E-4615E0272DF4}.Ad-Hoc|x64.ActiveCfg = Release|Any CPU
		{D0C856CB-89BD-45FF-9A1E-4615E0272DF4}.Ad-Hoc|x64.Build.0 = Release|Any CPU
		{D0C856CB-89BD-45FF-9A1E-4615E0272DF4}.Ad-Hoc|x86.ActiveCfg = Release|Any CPU
		{D0C856CB-89BD-45FF-9A1E-4615E0272DF4}.Ad-Hoc|x86.Build.0 = Release|Any CPU
		{D0C856CB-89BD-45FF-9A1E-4615E0272DF4}.AppStore|Any CPU.ActiveCfg = Release|Any CPU
		{D0C856CB-89BD-45FF-9A1E-4615E0272DF4}.AppStore|Any CPU.Build.0 = Release|Any CPU
		{D0C856CB-89BD-45FF-9A1E-4615E0272DF4}.AppStore|ARM.ActiveCfg = Release|Any CPU
		{D0C856CB-89BD-45FF-9A1E-4615E0272DF4}.AppStore|ARM.Build.0 = Release|Any CPU
		{D0C856CB-89BD-45FF-9A1E-4615E0272DF4}.AppStore|iPhone.ActiveCfg = Release|Any CPU
		{D0C856CB-89BD-45FF-9A1E-4615E0272DF4}.AppStore|iPhone.Build.0 = Release|Any CPU
		{D0C856CB-89BD-45FF-9A1E-4615E0272DF4}.AppStore|iPhoneSimulator.ActiveCfg = Release|Any CPU
		{D0C856CB-89BD-45FF-9A1E-4615E0272DF4}.AppStore|iPhoneSimulator.Build.0 = Release|Any CPU
		{D0C856CB-89BD-45FF-9A1E-4615E0272DF4}.AppStore|x64.ActiveCfg = Release|Any CPU
		{D0C856CB-89BD-45FF-9A1E-4615E0272DF4}.AppStore|x64.Build.0 = Release|Any CPU
		{D0C856CB-89BD-45FF-9A1E-4615E0272DF4}.AppStore|x86.ActiveCfg = Release|Any CPU
		{D0C856CB-89BD-45FF-9A1E-4615E0272DF4}.AppStore|x86.Build.0 = Release|Any CPU
		{D0C856CB-89BD-45FF-9A1E-4615E0272DF4}.Debug|Any CPU.ActiveCfg = Debug|Any CPU
		{D0C856CB-89BD-45FF-9A1E-4615E0272DF4}.Debug|Any CPU.Build.0 = Debug|Any CPU
		{D0C856CB-89BD-45FF-9A1E-4615E0272DF4}.Debug|ARM.ActiveCfg = Debug|Any CPU
		{D0C856CB-89BD-45FF-9A1E-4615E0272DF4}.Debug|ARM.Build.0 = Debug|Any CPU
		{D0C856CB-89BD-45FF-9A1E-4615E0272DF4}.Debug|iPhone.ActiveCfg = Debug|Any CPU
		{D0C856CB-89BD-45FF-9A1E-4615E0272DF4}.Debug|iPhone.Build.0 = Debug|Any CPU
		{D0C856CB-89BD-45FF-9A1E-4615E0272DF4}.Debug|iPhoneSimulator.ActiveCfg = Debug|Any CPU
		{D0C856CB-89BD-45FF-9A1E-4615E0272DF4}.Debug|iPhoneSimulator.Build.0 = Debug|Any CPU
		{D0C856CB-89BD-45FF-9A1E-4615E0272DF4}.Debug|x64.ActiveCfg = Debug|Any CPU
		{D0C856CB-89BD-45FF-9A1E-4615E0272DF4}.Debug|x64.Build.0 = Debug|Any CPU
		{D0C856CB-89BD-45FF-9A1E-4615E0272DF4}.Debug|x86.ActiveCfg = Debug|Any CPU
		{D0C856CB-89BD-45FF-9A1E-4615E0272DF4}.Debug|x86.Build.0 = Debug|Any CPU
		{D0C856CB-89BD-45FF-9A1E-4615E0272DF4}.Release|Any CPU.ActiveCfg = Release|Any CPU
		{D0C856CB-89BD-45FF-9A1E-4615E0272DF4}.Release|Any CPU.Build.0 = Release|Any CPU
		{D0C856CB-89BD-45FF-9A1E-4615E0272DF4}.Release|ARM.ActiveCfg = Release|Any CPU
		{D0C856CB-89BD-45FF-9A1E-4615E0272DF4}.Release|ARM.Build.0 = Release|Any CPU
		{D0C856CB-89BD-45FF-9A1E-4615E0272DF4}.Release|iPhone.ActiveCfg = Release|Any CPU
		{D0C856CB-89BD-45FF-9A1E-4615E0272DF4}.Release|iPhone.Build.0 = Release|Any CPU
		{D0C856CB-89BD-45FF-9A1E-4615E0272DF4}.Release|iPhoneSimulator.ActiveCfg = Release|Any CPU
		{D0C856CB-89BD-45FF-9A1E-4615E0272DF4}.Release|iPhoneSimulator.Build.0 = Release|Any CPU
		{D0C856CB-89BD-45FF-9A1E-4615E0272DF4}.Release|x64.ActiveCfg = Release|Any CPU
		{D0C856CB-89BD-45FF-9A1E-4615E0272DF4}.Release|x64.Build.0 = Release|Any CPU
		{D0C856CB-89BD-45FF-9A1E-4615E0272DF4}.Release|x86.ActiveCfg = Release|Any CPU
		{D0C856CB-89BD-45FF-9A1E-4615E0272DF4}.Release|x86.Build.0 = Release|Any CPU
		{9C1898C4-D91C-4FE1-BD1B-E96F0ADCA4E9}.Ad-Hoc|Any CPU.ActiveCfg = Release|Any CPU
		{9C1898C4-D91C-4FE1-BD1B-E96F0ADCA4E9}.Ad-Hoc|Any CPU.Build.0 = Release|Any CPU
		{9C1898C4-D91C-4FE1-BD1B-E96F0ADCA4E9}.Ad-Hoc|ARM.ActiveCfg = Release|Any CPU
		{9C1898C4-D91C-4FE1-BD1B-E96F0ADCA4E9}.Ad-Hoc|ARM.Build.0 = Release|Any CPU
		{9C1898C4-D91C-4FE1-BD1B-E96F0ADCA4E9}.Ad-Hoc|iPhone.ActiveCfg = Release|Any CPU
		{9C1898C4-D91C-4FE1-BD1B-E96F0ADCA4E9}.Ad-Hoc|iPhone.Build.0 = Release|Any CPU
		{9C1898C4-D91C-4FE1-BD1B-E96F0ADCA4E9}.Ad-Hoc|iPhoneSimulator.ActiveCfg = Release|Any CPU
		{9C1898C4-D91C-4FE1-BD1B-E96F0ADCA4E9}.Ad-Hoc|iPhoneSimulator.Build.0 = Release|Any CPU
		{9C1898C4-D91C-4FE1-BD1B-E96F0ADCA4E9}.Ad-Hoc|x64.ActiveCfg = Release|Any CPU
		{9C1898C4-D91C-4FE1-BD1B-E96F0ADCA4E9}.Ad-Hoc|x64.Build.0 = Release|Any CPU
		{9C1898C4-D91C-4FE1-BD1B-E96F0ADCA4E9}.Ad-Hoc|x86.ActiveCfg = Release|Any CPU
		{9C1898C4-D91C-4FE1-BD1B-E96F0ADCA4E9}.Ad-Hoc|x86.Build.0 = Release|Any CPU
		{9C1898C4-D91C-4FE1-BD1B-E96F0ADCA4E9}.AppStore|Any CPU.ActiveCfg = Release|Any CPU
		{9C1898C4-D91C-4FE1-BD1B-E96F0ADCA4E9}.AppStore|Any CPU.Build.0 = Release|Any CPU
		{9C1898C4-D91C-4FE1-BD1B-E96F0ADCA4E9}.AppStore|ARM.ActiveCfg = Release|Any CPU
		{9C1898C4-D91C-4FE1-BD1B-E96F0ADCA4E9}.AppStore|ARM.Build.0 = Release|Any CPU
		{9C1898C4-D91C-4FE1-BD1B-E96F0ADCA4E9}.AppStore|iPhone.ActiveCfg = Release|Any CPU
		{9C1898C4-D91C-4FE1-BD1B-E96F0ADCA4E9}.AppStore|iPhone.Build.0 = Release|Any CPU
		{9C1898C4-D91C-4FE1-BD1B-E96F0ADCA4E9}.AppStore|iPhoneSimulator.ActiveCfg = Release|Any CPU
		{9C1898C4-D91C-4FE1-BD1B-E96F0ADCA4E9}.AppStore|iPhoneSimulator.Build.0 = Release|Any CPU
		{9C1898C4-D91C-4FE1-BD1B-E96F0ADCA4E9}.AppStore|x64.ActiveCfg = Release|Any CPU
		{9C1898C4-D91C-4FE1-BD1B-E96F0ADCA4E9}.AppStore|x64.Build.0 = Release|Any CPU
		{9C1898C4-D91C-4FE1-BD1B-E96F0ADCA4E9}.AppStore|x86.ActiveCfg = Release|Any CPU
		{9C1898C4-D91C-4FE1-BD1B-E96F0ADCA4E9}.AppStore|x86.Build.0 = Release|Any CPU
		{9C1898C4-D91C-4FE1-BD1B-E96F0ADCA4E9}.Debug|Any CPU.ActiveCfg = Debug|Any CPU
		{9C1898C4-D91C-4FE1-BD1B-E96F0ADCA4E9}.Debug|Any CPU.Build.0 = Debug|Any CPU
		{9C1898C4-D91C-4FE1-BD1B-E96F0ADCA4E9}.Debug|ARM.ActiveCfg = Debug|Any CPU
		{9C1898C4-D91C-4FE1-BD1B-E96F0ADCA4E9}.Debug|ARM.Build.0 = Debug|Any CPU
		{9C1898C4-D91C-4FE1-BD1B-E96F0ADCA4E9}.Debug|iPhone.ActiveCfg = Debug|Any CPU
		{9C1898C4-D91C-4FE1-BD1B-E96F0ADCA4E9}.Debug|iPhone.Build.0 = Debug|Any CPU
		{9C1898C4-D91C-4FE1-BD1B-E96F0ADCA4E9}.Debug|iPhoneSimulator.ActiveCfg = Debug|Any CPU
		{9C1898C4-D91C-4FE1-BD1B-E96F0ADCA4E9}.Debug|iPhoneSimulator.Build.0 = Debug|Any CPU
		{9C1898C4-D91C-4FE1-BD1B-E96F0ADCA4E9}.Debug|x64.ActiveCfg = Debug|Any CPU
		{9C1898C4-D91C-4FE1-BD1B-E96F0ADCA4E9}.Debug|x64.Build.0 = Debug|Any CPU
		{9C1898C4-D91C-4FE1-BD1B-E96F0ADCA4E9}.Debug|x86.ActiveCfg = Debug|Any CPU
		{9C1898C4-D91C-4FE1-BD1B-E96F0ADCA4E9}.Debug|x86.Build.0 = Debug|Any CPU
		{9C1898C4-D91C-4FE1-BD1B-E96F0ADCA4E9}.Release|Any CPU.ActiveCfg = Release|Any CPU
		{9C1898C4-D91C-4FE1-BD1B-E96F0ADCA4E9}.Release|Any CPU.Build.0 = Release|Any CPU
		{9C1898C4-D91C-4FE1-BD1B-E96F0ADCA4E9}.Release|ARM.ActiveCfg = Release|Any CPU
		{9C1898C4-D91C-4FE1-BD1B-E96F0ADCA4E9}.Release|ARM.Build.0 = Release|Any CPU
		{9C1898C4-D91C-4FE1-BD1B-E96F0ADCA4E9}.Release|iPhone.ActiveCfg = Release|Any CPU
		{9C1898C4-D91C-4FE1-BD1B-E96F0ADCA4E9}.Release|iPhone.Build.0 = Release|Any CPU
		{9C1898C4-D91C-4FE1-BD1B-E96F0ADCA4E9}.Release|iPhoneSimulator.ActiveCfg = Release|Any CPU
		{9C1898C4-D91C-4FE1-BD1B-E96F0ADCA4E9}.Release|iPhoneSimulator.Build.0 = Release|Any CPU
		{9C1898C4-D91C-4FE1-BD1B-E96F0ADCA4E9}.Release|x64.ActiveCfg = Release|Any CPU
		{9C1898C4-D91C-4FE1-BD1B-E96F0ADCA4E9}.Release|x64.Build.0 = Release|Any CPU
		{9C1898C4-D91C-4FE1-BD1B-E96F0ADCA4E9}.Release|x86.ActiveCfg = Release|Any CPU
		{9C1898C4-D91C-4FE1-BD1B-E96F0ADCA4E9}.Release|x86.Build.0 = Release|Any CPU
	EndGlobalSection
	GlobalSection(SolutionProperties) = preSolution
		HideSolutionNode = FALSE
	EndGlobalSection
EndGlobal
